{
  "name": "test",
  "lockfileVersion": 3,
  "requires": true,
  "packages": {
    "": {
      "name": "test",
      "dependencies": {
        "@solana/kit": "^6.3.1"
      },
      "devDependencies": {
        "@types/bun": "latest"
      },
      "peerDependencies": {
        "typescript": "^5"
      }
    },
    "node_modules/@solana/accounts": {
      "version": "6.3.1",
      "resolved": "https://registry.npmjs.org/@solana/accounts/-/accounts-6.3.1.tgz",
      "integrity": "sha512-6HlpxGVWbSMUEEdRovU4Blkc63uOyD/wNyLtiO3A99R8qFG49Ae95m37sBMd7+jqOw2/Ik4Lrmvb4r5mF9JiIw==",
      "license": "MIT",
      "dependencies": {
        "@solana/addresses": "6.3.1",
        "@solana/codecs-core": "6.3.1",
        "@solana/codecs-strings": "6.3.1",
        "@solana/errors": "6.3.1",
        "@solana/rpc-spec": "6.3.1",
        "@solana/rpc-types": "6.3.1"
      },
      "engines": {
        "node": ">=20.18.0"
      },
      "peerDependencies": {
        "typescript": "^5.0.0"
      },
      "peerDependenciesMeta": {
        "typescript": {
          "optional": true
        }
      }
    },
    "node_modules/@solana/addresses": {
      "version": "6.3.1",
      "resolved": "https://registry.npmjs.org/@solana/addresses/-/addresses-6.3.1.tgz",
      "integrity": "sha512-XlNRV0vOrxe28EVr4diG8tR0n8jn+8Z1GYw+Bm66z07GlyZOd4ArqgbiWU6WH6MCMiNb6TiY3msXp1SGH6Oy1A==",
      "license": "MIT",
      "dependencies": {
        "@solana/assertions": "6.3.1",
        "@solana/codecs-core": "6.3.1",
        "@solana/codecs-strings": "6.3.1",
        "@solana/errors": "6.3.1",
        "@solana/nominal-types": "6.3.1"
      },
      "engines": {
        "node": ">=20.18.0"
      },
      "peerDependencies": {
        "typescript": "^5.0.0"
      },
      "peerDependenciesMeta": {
        "typescript": {
          "optional": true
        }
      }
    },
    "node_modules/@solana/assertions": {
      "version": "6.3.1",
      "resolved": "https://registry.npmjs.org/@solana/assertions/-/assertions-6.3.1.tgz",
      "integrity": "sha512-QNO9QhwDSOQWjXihK+eaJ1fmaQ/4KGHFErx/ukS0cW0665ugd5wWBp2xQ+YUyCt0Ce9/v9bPzczPIcpi0AMXBg==",
      "license": "MIT",
      "dependencies": {
        "@solana/errors": "6.3.1"
      },
      "engines": {
        "node": ">=20.18.0"
      },
      "peerDependencies": {
        "typescript": "^5.0.0"
      },
      "peerDependenciesMeta": {
        "typescript": {
          "optional": true
        }
      }
    },
    "node_modules/@solana/codecs": {
      "version": "6.3.1",
      "resolved": "https://registry.npmjs.org/@solana/codecs/-/codecs-6.3.1.tgz",
      "integrity": "sha512-v8ocwl7YIfs6lQ/1BR3/78GQjUjcFHGtJtHZAoB76Kzm+TlB9RIqxQPpDxNQitJcmRyWFmd1QhOsVEUUSO1hMg==",
      "license": "MIT",
      "dependencies": {
        "@solana/codecs-core": "6.3.1",
        "@solana/codecs-data-structures": "6.3.1",
        "@solana/codecs-numbers": "6.3.1",
        "@solana/codecs-strings": "6.3.1",
        "@solana/options": "6.3.1"
      },
      "engines": {
        "node": ">=20.18.0"
      },
      "peerDependencies": {
        "typescript": "^5.0.0"
      },
      "peerDependenciesMeta": {
        "typescript": {
          "optional": true
        }
      }
    },
    "node_modules/@solana/codecs-core": {
      "version": "6.3.1",
      "resolved": "https://registry.npmjs.org/@solana/codecs-core/-/codecs-core-6.3.1.tgz",
      "integrity": "sha512-OwklAT1GnY72Gg2Yd7NoKi4WeUAUl9DfTOdLXJmTcOGSB05K742X3yVwyiMsX1cs8V8DB8KOHGQjeO0XLUUCEQ==",
      "license": "MIT",
      "dependencies": {
        "@solana/errors": "6.3.1"
      },
      "engines": {
        "node": ">=20.18.0"
      },
      "peerDependencies": {
        "typescript": "^5.0.0"
      },
      "peerDependenciesMeta": {
        "typescript": {
          "optional": true
        }
      }
    },
    "node_modules/@solana/codecs-data-structures": {
      "version": "6.3.1",
      "resolved": "https://registry.npmjs.org/@solana/codecs-data-structures/-/codecs-data-structures-6.3.1.tgz",
      "integrity": "sha512-dSndxfKKKQTFxqAlH3jQEaLs5NFYcIF2HRSi60jB3w8pVEiVcvjIgYF7bG4HJ61EKb/6kgicUhdLBi+5aj7qHw==",
      "license": "MIT",
      "dependencies": {
        "@solana/codecs-core": "6.3.1",
        "@solana/codecs-numbers": "6.3.1",
        "@solana/errors": "6.3.1"
      },
      "engines": {
        "node": ">=20.18.0"
      },
      "peerDependencies": {
        "typescript": "^5.0.0"
      },
      "peerDependenciesMeta": {
        "typescript": {
          "optional": true
        }
      }
    },
    "node_modules/@solana/codecs-numbers": {
      "version": "6.3.1",
      "resolved": "https://registry.npmjs.org/@solana/codecs-numbers/-/codecs-numbers-6.3.1.tgz",
      "integrity": "sha512-rudL1RjVBdpD60QPn3DhATQzxuBnrUn6N/QHzSyB24oPr/wgIJY++slgitpxCBtjSOvcIe6iYDOPTwd6lyTpjQ==",
      "license": "MIT",
      "dependencies": {
        "@solana/codecs-core": "6.3.1",
        "@solana/errors": "6.3.1"
      },
      "engines": {
        "node": ">=20.18.0"
      },
      "peerDependencies": {
        "typescript": "^5.0.0"
      },
      "peerDependenciesMeta": {
        "typescript": {
          "optional": true
        }
      }
    },
    "node_modules/@solana/codecs-strings": {
      "version": "6.3.1",
      "resolved": "https://registry.npmjs.org/@solana/codecs-strings/-/codecs-strings-6.3.1.tgz",
      "integrity": "sha512-ODcenZ9kkQjbhU4jrXtXLeYqr957XkypU3/rph/o+rbgye9BtO6aAZaSMoHcAu3vqC9Ix9BdcQAD8kpC41CWrg==",
      "license": "MIT",
      "dependencies": {
        "@solana/codecs-core": "6.3.1",
        "@solana/codecs-numbers": "6.3.1",
        "@solana/errors": "6.3.1"
      },
      "engines": {
        "node": ">=20.18.0"
      },
      "peerDependencies": {
        "fastestsmallesttextencoderdecoder": "^1.0.22",
        "typescript": "^5.0.0"
      },
      "peerDependenciesMeta": {
        "fastestsmallesttextencoderdecoder": {
          "optional": true
        },
        "typescript": {
          "optional": true
        }
      }
    },
    "node_modules/@solana/errors": {
      "version": "6.3.1",
      "resolved": "https://registry.npmjs.org/@solana/errors/-/errors-6.3.1.tgz",
      "integrity": "sha512-56497UfLZRLEvtQq09FO8PuLr6bciSP6HWoQ/sZvPMNL5LXJ6z2W1qaY6r8CibHrBoVH9vmVW+DdgQE63K4cIw==",
      "license": "MIT",
      "dependencies": {
        "chalk": "5.6.2",
        "commander": "14.0.3"
      },
      "bin": {
        "errors": "bin/cli.mjs"
      },
      "engines": {
        "node": ">=20.18.0"
      },
      "peerDependencies": {
        "typescript": "^5.0.0"
      },
      "peerDependenciesMeta": {
        "typescript": {
          "optional": true
        }
      }
    },
    "node_modules/@solana/fast-stable-stringify": {
      "version": "6.3.1",
      "resolved": "https://registry.npmjs.org/@solana/fast-stable-stringify/-/fast-stable-stringify-6.3.1.tgz",
      "integrity": "sha512-UqK4MckdOpLXXV1rOZp21om3MtSTi/gTFI1Es/TFh2v2+qDQf54/PyH6xQEotjPWvW0ekp2YInj1W9+Zi99ueg==",
      "license": "MIT",
      "engines": {
        "node": ">=20.18.0"
      },
      "peerDependencies": {
        "typescript": "^5.0.0"
      },
      "peerDependenciesMeta": {
        "typescript": {
          "optional": true
        }
      }
    },
    "node_modules/@solana/functional": {
      "version": "6.3.1",
      "resolved": "https://registry.npmjs.org/@solana/functional/-/functional-6.3.1.tgz",
      "integrity": "sha512-WCqih7trFtYkjuFJBmIgOZhFB4LfjxatN6r8vaEXeXIOi2DDuXdUHcPxINb3bulOnivwigBM4815Ap7lF8TTPg==",
      "license": "MIT",
      "engines": {
        "node": ">=20.18.0"
      },
      "peerDependencies": {
        "typescript": "^5.0.0"
      },
      "peerDependenciesMeta": {
        "typescript": {
          "optional": true
        }
      }
    },
    "node_modules/@solana/instruction-plans": {
      "version": "6.3.1",
      "resolved": "https://registry.npmjs.org/@solana/instruction-plans/-/instruction-plans-6.3.1.tgz",
      "integrity": "sha512-AgEmvrM8s+z7wYzDGj3ymJXfqMl0yirq2prQWFHTM7Qi6B7O7vvIjRXkQpyV/hzsaXtqtTMahGByQ3V04CdQCQ==",
      "license": "MIT",
      "dependencies": {
        "@solana/errors": "6.3.1",
        "@solana/instructions": "6.3.1",
        "@solana/keys": "6.3.1",
        "@solana/promises": "6.3.1",
        "@solana/transaction-messages": "6.3.1",
        "@solana/transactions": "6.3.1"
      },
      "engines": {
        "node": ">=20.18.0"
      },
      "peerDependencies": {
        "typescript": "^5.0.0"
      },
      "peerDependenciesMeta": {
        "typescript": {
          "optional": true
        }
      }
    },
    "node_modules/@solana/instructions": {
      "version": "6.3.1",
      "resolved": "https://registry.npmjs.org/@solana/instructions/-/instructions-6.3.1.tgz",
      "integrity": "sha512-iRRgmA9bTrI6A17zVwsDqg8PViGcixmj+BxsXVFM2BkJSdmfi0A4NHB11sOCF7icEQhdp1jnXibSkOglBYOEOA==",
      "license": "MIT",
      "dependencies": {
        "@solana/codecs-core": "6.3.1",
        "@solana/errors": "6.3.1"
      },
      "engines": {
        "node": ">=20.18.0"
      },
      "peerDependencies": {
        "typescript": "^5.0.0"
      },
      "peerDependenciesMeta": {
        "typescript": {
          "optional": true
        }
      }
    },
    "node_modules/@solana/keys": {
      "version": "6.3.1",
      "resolved": "https://registry.npmjs.org/@solana/keys/-/keys-6.3.1.tgz",
      "integrity": "sha512-pjgeVwuAgJMOOnrmrViTJnhx+HcagGAFAMiVZUYv28zR5GdP5clbBL7FSDT8Kqhye4s75+zxS6YDDwvhhCsKqQ==",
      "license": "MIT",
      "dependencies": {
        "@solana/assertions": "6.3.1",
        "@solana/codecs-core": "6.3.1",
        "@solana/codecs-strings": "6.3.1",
        "@solana/errors": "6.3.1",
        "@solana/nominal-types": "6.3.1"
      },
      "engines": {
        "node": ">=20.18.0"
      },
      "peerDependencies": {
        "typescript": "^5.0.0"
      },
      "peerDependenciesMeta": {
        "typescript": {
          "optional": true
        }
      }
    },
    "node_modules/@solana/kit": {
      "version": "6.3.1",
      "resolved": "https://registry.npmjs.org/@solana/kit/-/kit-6.3.1.tgz",
      "integrity": "sha512-4KUAYxZnGq5JQrDGKcD4VAhPEEYHUEKeypnxKtlbAN8oHiBrFbVWqkDah24H+LKThVhoNdlmaUSyDGG/TFmAUg==",
      "license": "MIT",
      "dependencies": {
        "@solana/accounts": "6.3.1",
        "@solana/addresses": "6.3.1",
        "@solana/codecs": "6.3.1",
        "@solana/errors": "6.3.1",
        "@solana/functional": "6.3.1",
        "@solana/instruction-plans": "6.3.1",
        "@solana/instructions": "6.3.1",
        "@solana/keys": "6.3.1",
        "@solana/offchain-messages": "6.3.1",
        "@solana/plugin-core": "6.3.1",
        "@solana/plugin-interfaces": "6.3.1",
        "@solana/program-client-core": "6.3.1",
        "@solana/programs": "6.3.1",
        "@solana/rpc": "6.3.1",
        "@solana/rpc-api": "6.3.1",
        "@solana/rpc-parsed-types": "6.3.1",
        "@solana/rpc-spec-types": "6.3.1",
        "@solana/rpc-subscriptions": "6.3.1",
        "@solana/rpc-types": "6.3.1",
        "@solana/signers": "6.3.1",
        "@solana/sysvars": "6.3.1",
        "@solana/transaction-confirmation": "6.3.1",
        "@solana/transaction-messages": "6.3.1",
        "@solana/transactions": "6.3.1"
      },
      "engines": {
        "node": ">=20.18.0"
      },
      "peerDependencies": {
        "typescript": "^5.0.0"
      },
      "peerDependenciesMeta": {
        "typescript": {
          "optional": true
        }
      }
    },
    "node_modules/@solana/nominal-types": {
      "version": "6.3.1",
      "resolved": "https://registry.npmjs.org/@solana/nominal-types/-/nominal-types-6.3.1.tgz",
      "integrity": "sha512-ovpJ9JUVwJWWOEgrQjJXh5YPokCdKcNtiq7jrFwUUQrNsqhc+v68v7qoIzzmF8XH7xRfaqy5aSKs6E/CeNxwLw==",
      "license": "MIT",
      "engines": {
        "node": ">=20.18.0"
      },
      "peerDependencies": {
        "typescript": "^5.0.0"
      },
      "peerDependenciesMeta": {
        "typescript": {
          "optional": true
        }
      }
    },
    "node_modules/@solana/offchain-messages": {
      "version": "6.3.1",
      "resolved": "https://registry.npmjs.org/@solana/offchain-messages/-/offchain-messages-6.3.1.tgz",
      "integrity": "sha512-O6lA2FvxstTzWKP+NGK+IP5UD+UnK2xqXJiUdac+yZ4smfUINEtnj63rc2/9+qShvLVhWS8AqtFkiz4tk4msbg==",
      "license": "MIT",
      "dependencies": {
        "@solana/addresses": "6.3.1",
        "@solana/codecs-core": "6.3.1",
        "@solana/codecs-data-structures": "6.3.1",
        "@solana/codecs-numbers": "6.3.1",
        "@solana/codecs-strings": "6.3.1",
        "@solana/errors": "6.3.1",
        "@solana/keys": "6.3.1",
        "@solana/nominal-types": "6.3.1"
      },
      "engines": {
        "node": ">=20.18.0"
      },
      "peerDependencies": {
        "typescript": "^5.0.0"
      },
      "peerDependenciesMeta": {
        "typescript": {
          "optional": true
        }
      }
    },
    "node_modules/@solana/options": {
      "version": "6.3.1",
      "resolved": "https://registry.npmjs.org/@solana/options/-/options-6.3.1.tgz",
      "integrity": "sha512-lBVcXli518q4bKyxm680COLI/HFuFUgEZQVaOMZbhXyKbu94vbMWQTJ3NV12BN6XNUyXq/C0I+ckYgD+Eb5YJA==",
      "license": "MIT",
      "dependencies": {
        "@solana/codecs-core": "6.3.1",
        "@solana/codecs-data-structures": "6.3.1",
        "@solana/codecs-numbers": "6.3.1",
        "@solana/codecs-strings": "6.3.1",
        "@solana/errors": "6.3.1"
      },
      "engines": {
        "node": ">=20.18.0"
      },
      "peerDependencies": {
        "typescript": "^5.0.0"
      },
      "peerDependenciesMeta": {
        "typescript": {
          "optional": true
        }
      }
    },
    "node_modules/@solana/plugin-core": {
      "version": "6.3.1",
      "resolved": "https://registry.npmjs.org/@solana/plugin-core/-/plugin-core-6.3.1.tgz",
      "integrity": "sha512-A0VAlxSOA9H0jL27iVLAhdTo3P9sWGMPhuGDg+mFgiYgGzyGdyWDmnx5/pKA02KHTKaDkj4XbGPsV4O69tiZ2g==",
      "license": "MIT",
      "engines": {
        "node": ">=20.18.0"
      },
      "peerDependencies": {
        "typescript": "^5.0.0"
      },
      "peerDependenciesMeta": {
        "typescript": {
          "optional": true
        }
      }
    },
    "node_modules/@solana/plugin-interfaces": {
      "version": "6.3.1",
      "resolved": "https://registry.npmjs.org/@solana/plugin-interfaces/-/plugin-interfaces-6.3.1.tgz",
      "integrity": "sha512-GVL04hoPvUUNoQpR1S2W6dsoAnMUketpH/5+V4LJF6mIrI5d6oQkobTBpRAIyT/EiaunVcwtFllbev/etA4+Ug==",
      "license": "MIT",
      "dependencies": {
        "@solana/addresses": "6.3.1",
        "@solana/instruction-plans": "6.3.1",
        "@solana/keys": "6.3.1",
        "@solana/rpc-spec": "6.3.1",
        "@solana/rpc-subscriptions-spec": "6.3.1",
        "@solana/rpc-types": "6.3.1",
        "@solana/signers": "6.3.1"
      },
      "engines": {
        "node": ">=20.18.0"
      },
      "peerDependencies": {
        "typescript": "^5.0.0"
      },
      "peerDependenciesMeta": {
        "typescript": {
          "optional": true
        }
      }
    },
    "node_modules/@solana/program-client-core": {
      "version": "6.3.1",
      "resolved": "https://registry.npmjs.org/@solana/program-client-core/-/program-client-core-6.3.1.tgz",
      "integrity": "sha512-V4WtLnDJA8GZZ3xwFg2rte/GIgVFrRCGtlhgjCTsE6ct4vXSSSkez7Dyod7eIqhsHZVC4Brq6n3BuuC4GciUzg==",
      "license": "MIT",
      "dependencies": {
        "@solana/accounts": "6.3.1",
        "@solana/addresses": "6.3.1",
        "@solana/codecs-core": "6.3.1",
        "@solana/errors": "6.3.1",
        "@solana/instruction-plans": "6.3.1",
        "@solana/instructions": "6.3.1",
        "@solana/plugin-interfaces": "6.3.1",
        "@solana/rpc-api": "6.3.1",
        "@solana/signers": "6.3.1"
      },
      "engines": {
        "node": ">=20.18.0"
      },
      "peerDependencies": {
        "typescript": "^5.0.0"
      },
      "peerDependenciesMeta": {
        "typescript": {
          "optional": true
        }
      }
    },
    "node_modules/@solana/programs": {
      "version": "6.3.1",
      "resolved": "https://registry.npmjs.org/@solana/programs/-/programs-6.3.1.tgz",
      "integrity": "sha512-gDmgJbGRqEmJuTvBThquSVZZvqO9jwbYwQ0IWB+VBqu52FXH1DyJU48YvZd3j9egzwqNoanEnRX8QGoBWKBuSw==",
      "license": "MIT",
      "dependencies": {
        "@solana/addresses": "6.3.1",
        "@solana/errors": "6.3.1"
      },
      "engines": {
        "node": ">=20.18.0"
      },
      "peerDependencies": {
        "typescript": "^5.0.0"
      },
      "peerDependenciesMeta": {
        "typescript": {
          "optional": true
        }
      }
    },
    "node_modules/@solana/promises": {
      "version": "6.3.1",
      "resolved": "https://registry.npmjs.org/@solana/promises/-/promises-6.3.1.tgz",
      "integrity": "sha512-mVArbzD8quxrVG54CFfod78ufbSi/bmBNCsSc7Ll0GuiH7hmB6ym3A9vfXgmjUkoJGZAAmA1c0B+75NjafUg9Q==",
      "license": "MIT",
      "engines": {
        "node": ">=20.18.0"
      },
      "peerDependencies": {
        "typescript": "^5.0.0"
      },
      "peerDependenciesMeta": {
        "typescript": {
          "optional": true
        }
      }
    },
    "node_modules/@solana/rpc": {
      "version": "6.3.1",
      "resolved": "https://registry.npmjs.org/@solana/rpc/-/rpc-6.3.1.tgz",
      "integrity": "sha512-ApTgWby/J/8DcQWRN5DQDSFEA//Ctect9j/gmOK/TLoIinuN/Wy8dVrsD8wwr69rxoeo/USt89sckE3YGm4wXA==",
      "license": "MIT",
      "dependencies": {
        "@solana/errors": "6.3.1",
        "@solana/fast-stable-stringify": "6.3.1",
        "@solana/functional": "6.3.1",
        "@solana/rpc-api": "6.3.1",
        "@solana/rpc-spec": "6.3.1",
        "@solana/rpc-spec-types": "6.3.1",
        "@solana/rpc-transformers": "6.3.1",
        "@solana/rpc-transport-http": "6.3.1",
        "@solana/rpc-types": "6.3.1"
      },
      "engines": {
        "node": ">=20.18.0"
      },
      "peerDependencies": {
        "typescript": "^5.0.0"
      },
      "peerDependenciesMeta": {
        "typescript": {
          "optional": true
        }
      }
    },
    "node_modules/@solana/rpc-api": {
      "version": "6.3.1",
      "resolved": "https://registry.npmjs.org/@solana/rpc-api/-/rpc-api-6.3.1.tgz",
      "integrity": "sha512-BSuylWAx7osPd9b5/RbVnVU8FvaJpJ9ZevFBpbwHxoiEFfPO2kA7WaCLbNZ/ErTdxbySSmUtD+oskq+f8t++Vg==",
      "license": "MIT",
      "dependencies": {
        "@solana/addresses": "6.3.1",
        "@solana/codecs-core": "6.3.1",
        "@solana/codecs-strings": "6.3.1",
        "@solana/errors": "6.3.1",
        "@solana/keys": "6.3.1",
        "@solana/rpc-parsed-types": "6.3.1",
        "@solana/rpc-spec": "6.3.1",
        "@solana/rpc-transformers": "6.3.1",
        "@solana/rpc-types": "6.3.1",
        "@solana/transaction-messages": "6.3.1",
        "@solana/transactions": "6.3.1"
      },
      "engines": {
        "node": ">=20.18.0"
      },
      "peerDependencies": {
        "typescript": "^5.0.0"
      },
      "peerDependenciesMeta": {
        "typescript": {
          "optional": true
        }
      }
    },
    "node_modules/@solana/rpc-parsed-types": {
      "version": "6.3.1",
      "resolved": "https://registry.npmjs.org/@solana/rpc-parsed-types/-/rpc-parsed-types-6.3.1.tgz",
      "integrity": "sha512-dy3lDkaeNj4MCbz6KKmO4eghAUa2fp5kdQYuou09JBOUNqaVQGnYOIH2aOZY80VU7tgmqYViVUzX+EtwXxXpkQ==",
      "license": "MIT",
      "engines": {
        "node": ">=20.18.0"
      },
      "peerDependencies": {
        "typescript": "^5.0.0"
      },
      "peerDependenciesMeta": {
        "typescript": {
          "optional": true
        }
      }
    },
    "node_modules/@solana/rpc-spec": {
      "version": "6.3.1",
      "resolved": "https://registry.npmjs.org/@solana/rpc-spec/-/rpc-spec-6.3.1.tgz",
      "integrity": "sha512-xK8DIbjPQ7xBcLEj6mq3atSeixltJAYi/rmPRjUcuRSqXraLyTBEzH/hZqItgcTRSyl3/mG0ShT6yGaZtnZSew==",
      "license": "MIT",
      "dependencies": {
        "@solana/errors": "6.3.1",
        "@solana/rpc-spec-types": "6.3.1"
      },
      "engines": {
        "node": ">=20.18.0"
      },
      "peerDependencies": {
        "typescript": "^5.0.0"
      },
      "peerDependenciesMeta": {
        "typescript": {
          "optional": true
        }
      }
    },
    "node_modules/@solana/rpc-spec-types": {
      "version": "6.3.1",
      "resolved": "https://registry.npmjs.org/@solana/rpc-spec-types/-/rpc-spec-types-6.3.1.tgz",
      "integrity": "sha512-D67H6madoPn0KzzkWsBarFBlNetqCdIP1ZBBMdPLztvlWeVPBf5B3E91BjNPpWhGc2rseBBuLgRLAaj+x9IZTg==",
      "license": "MIT",
      "engines": {
        "node": ">=20.18.0"
      },
      "peerDependencies": {
        "typescript": "^5.0.0"
      },
      "peerDependenciesMeta": {
        "typescript": {
          "optional": true
        }
      }
    },
    "node_modules/@solana/rpc-subscriptions": {
      "version": "6.3.1",
      "resolved": "https://registry.npmjs.org/@solana/rpc-subscriptions/-/rpc-subscriptions-6.3.1.tgz",
      "integrity": "sha512-+s47DRgt8ZVl34QQLJbIhU9P47XMKDTMVy2HgduqoE0uLH8icI2zaGlCtKQlgfpc6VL7gzUkSAZgFycCWZPTzw==",
      "license": "MIT",
      "dependencies": {
        "@solana/errors": "6.3.1",
        "@solana/fast-stable-stringify": "6.3.1",
        "@solana/functional": "6.3.1",
        "@solana/promises": "6.3.1",
        "@solana/rpc-spec-types": "6.3.1",
        "@solana/rpc-subscriptions-api": "6.3.1",
        "@solana/rpc-subscriptions-channel-websocket": "6.3.1",
        "@solana/rpc-subscriptions-spec": "6.3.1",
        "@solana/rpc-transformers": "6.3.1",
        "@solana/rpc-types": "6.3.1",
        "@solana/subscribable": "6.3.1"
      },
      "engines": {
        "node": ">=20.18.0"
      },
      "peerDependencies": {
        "typescript": "^5.0.0"
      },
      "peerDependenciesMeta": {
        "typescript": {
          "optional": true
        }
      }
    },
    "node_modules/@solana/rpc-subscriptions-api": {
      "version": "6.3.1",
      "resolved": "https://registry.npmjs.org/@solana/rpc-subscriptions-api/-/rpc-subscriptions-api-6.3.1.tgz",
      "integrity": "sha512-w+yKkBWm067+M0OVircPoBdMqAmfYi7wRD5MBze+znDZwnm9RRHWoYE9/2JnXX+4p9HGItNDz8Rw26p968yayw==",
      "license": "MIT",
      "dependencies": {
        "@solana/addresses": "6.3.1",
        "@solana/keys": "6.3.1",
        "@solana/rpc-subscriptions-spec": "6.3.1",
        "@solana/rpc-transformers": "6.3.1",
        "@solana/rpc-types": "6.3.1",
        "@solana/transaction-messages": "6.3.1",
        "@solana/transactions": "6.3.1"
      },
      "engines": {
        "node": ">=20.18.0"
      },
      "peerDependencies": {
        "typescript": "^5.0.0"
      },
      "peerDependenciesMeta": {
        "typescript": {
          "optional": true
        }
      }
    },
    "node_modules/@solana/rpc-subscriptions-channel-websocket": {
      "version": "6.3.1",
      "resolved": "https://registry.npmjs.org/@solana/rpc-subscriptions-channel-websocket/-/rpc-subscriptions-channel-websocket-6.3.1.tgz",
      "integrity": "sha512-ndHPIMhH1Ph4CueOdNSnxv546s4wXWLDCulk36xxnwiDQspy500sjeNrBhzYTSyKYmuLjeOz1KFJS+RAU4gT0w==",
      "license": "MIT",
      "dependencies": {
        "@solana/errors": "6.3.1",
        "@solana/functional": "6.3.1",
        "@solana/rpc-subscriptions-spec": "6.3.1",
        "@solana/subscribable": "6.3.1",
        "ws": "^8.19.0"
      },
      "engines": {
        "node": ">=20.18.0"
      },
      "peerDependencies": {
        "typescript": "^5.0.0"
      },
      "peerDependenciesMeta": {
        "typescript": {
          "optional": true
        }
      }
    },
    "node_modules/@solana/rpc-subscriptions-spec": {
      "version": "6.3.1",
      "resolved": "https://registry.npmjs.org/@solana/rpc-subscriptions-spec/-/rpc-subscriptions-spec-6.3.1.tgz",
      "integrity": "sha512-GZZ6Vxupi4dv9MNbQWjopEDQwWPD1MX1dXwbqqOAIrpZcVSohqN8ppgHB5GVQSG8fMk4/yXMHw0UlqBhM7ZDlg==",
      "license": "MIT",
      "dependencies": {
        "@solana/errors": "6.3.1",
        "@solana/promises": "6.3.1",
        "@solana/rpc-spec-types": "6.3.1",
        "@solana/subscribable": "6.3.1"
      },
      "engines": {
        "node": ">=20.18.0"
      },
      "peerDependencies": {
        "typescript": "^5.0.0"
      },
      "peerDependenciesMeta": {
        "typescript": {
          "optional": true
        }
      }
    },
    "node_modules/@solana/rpc-transformers": {
      "version": "6.3.1",
      "resolved": "https://registry.npmjs.org/@solana/rpc-transformers/-/rpc-transformers-6.3.1.tgz",
      "integrity": "sha512-FDyqd8zK0x4rjFrocg8GkS3SAW+ZFSJ24iPD+oMW2jbXzmiMvj9riw4qTa647PeeG/yvRvDJwKO1AkD5pMR9Ew==",
      "license": "MIT",
      "dependencies": {
        "@solana/errors": "6.3.1",
        "@solana/functional": "6.3.1",
        "@solana/nominal-types": "6.3.1",
        "@solana/rpc-spec-types": "6.3.1",
        "@solana/rpc-types": "6.3.1"
      },
      "engines": {
        "node": ">=20.18.0"
      },
      "peerDependencies": {
        "typescript": "^5.0.0"
      },
      "peerDependenciesMeta": {
        "typescript": {
          "optional": true
        }
      }
    },
    "node_modules/@solana/rpc-transport-http": {
      "version": "6.3.1",
      "resolved": "https://registry.npmjs.org/@solana/rpc-transport-http/-/rpc-transport-http-6.3.1.tgz",
      "integrity": "sha512-Y1sq/Ir5/WHlcQy7XQOnnw7DLvNyvQDvKlsKB/wqvwp3AYy4A1crqGKPhT3SldTA3XvKDKqF1uKnzpFlJHt5wQ==",
      "license": "MIT",
      "dependencies": {
        "@solana/errors": "6.3.1",
        "@solana/rpc-spec": "6.3.1",
        "@solana/rpc-spec-types": "6.3.1",
        "undici-types": "^7.22.0"
      },
      "engines": {
        "node": ">=20.18.0"
      },
      "peerDependencies": {
        "typescript": "^5.0.0"
      },
      "peerDependenciesMeta": {
        "typescript": {
          "optional": true
        }
      }
    },
    "node_modules/@solana/rpc-transport-http/node_modules/undici-types": {
      "version": "7.24.0",
      "resolved": "https://registry.npmjs.org/undici-types/-/undici-types-7.24.0.tgz",
      "integrity": "sha512-1beJCk3fcUtxAHf19TmrEd0yF3Co7El8fJvlSufm9EQNMKVR9H5XiamszDDt/FwinyUQPHpL2w8u9ZL8i8RtVg==",
      "license": "MIT"
    },
    "node_modules/@solana/rpc-types": {
      "version": "6.3.1",
      "resolved": "https://registry.npmjs.org/@solana/rpc-types/-/rpc-types-6.3.1.tgz",
      "integrity": "sha512-NoaWcKy79y5FuDDEWIAgOSiGVs74FWSVynF+DXDYb1wwArFDvf7PEHLZ0Z4cqjuUKuVcPDnYraJ85K7ovirVqA==",
      "license": "MIT",
      "dependencies": {
        "@solana/addresses": "6.3.1",
        "@solana/codecs-core": "6.3.1",
        "@solana/codecs-numbers": "6.3.1",
        "@solana/codecs-strings": "6.3.1",
        "@solana/errors": "6.3.1",
        "@solana/nominal-types": "6.3.1"
      },
      "engines": {
        "node": ">=20.18.0"
      },
      "peerDependencies": {
        "typescript": "^5.0.0"
      },
      "peerDependenciesMeta": {
        "typescript": {
          "optional": true
        }
      }
    },
    "node_modules/@solana/signers": {
      "version": "6.3.1",
      "resolved": "https://registry.npmjs.org/@solana/signers/-/signers-6.3.1.tgz",
      "integrity": "sha512-PYvMKHASkz12tqVc28MKOugs9HefXRLorQHQb2dd8zL/r/FwvM9d95z5g4JzGqf5v3FTpK495lTalgDvuCOQeQ==",
      "license": "MIT",
      "dependencies": {
        "@solana/addresses": "6.3.1",
        "@solana/codecs-core": "6.3.1",
        "@solana/errors": "6.3.1",
        "@solana/instructions": "6.3.1",
        "@solana/keys": "6.3.1",
        "@solana/nominal-types": "6.3.1",
        "@solana/offchain-messages": "6.3.1",
        "@solana/transaction-messages": "6.3.1",
        "@solana/transactions": "6.3.1"
      },
      "engines": {
        "node": ">=20.18.0"
      },
      "peerDependencies": {
        "typescript": "^5.0.0"
      },
      "peerDependenciesMeta": {
        "typescript": {
          "optional": true
        }
      }
    },
    "node_modules/@solana/subscribable": {
      "version": "6.3.1",
      "resolved": "https://registry.npmjs.org/@solana/subscribable/-/subscribable-6.3.1.tgz",
      "integrity": "sha512-g4KuISHyy6IUxU9Qf8+ER2nGAEMKO5m6RTLuqrT9I1nujvOPmivnBm3YykxMFXljIcep0DMwTYlCXfnDhySsbw==",
      "license": "MIT",
      "dependencies": {
        "@solana/errors": "6.3.1"
      },
      "engines": {
        "node": ">=20.18.0"
      },
      "peerDependencies": {
        "typescript": "^5.0.0"
      },
      "peerDependenciesMeta": {
        "typescript": {
          "optional": true
        }
      }
    },
    "node_modules/@solana/sysvars": {
      "version": "6.3.1",
      "resolved": "https://registry.npmjs.org/@solana/sysvars/-/sysvars-6.3.1.tgz",
      "integrity": "sha512-kPNxVZVcBdVeUOTb7YyUCZEx45aUsYBhYpNDUQ+sW9XKg2SiP9q5LOP/QtngM9fhUAw9lI25WzjQpAKjaGijyg==",
      "license": "MIT",
      "dependencies": {
        "@solana/accounts": "6.3.1",
        "@solana/codecs-core": "6.3.1",
        "@solana/codecs-data-structures": "6.3.1",
        "@solana/codecs-numbers": "6.3.1",
        "@solana/errors": "6.3.1",
        "@solana/rpc-types": "6.3.1"
      },
      "engines": {
        "node": ">=20.18.0"
      },
      "peerDependencies": {
        "typescript": "^5.0.0"
      },
      "peerDependenciesMeta": {
        "typescript": {
          "optional": true
        }
      }
    },
    "node_modules/@solana/transaction-confirmation": {
      "version": "6.3.1",
      "resolved": "https://registry.npmjs.org/@solana/transaction-confirmation/-/transaction-confirmation-6.3.1.tgz",
      "integrity": "sha512-FFbmMNcGYR9PHqHcyAuiWHwPq9LVxkfaYOohiAR5cWLmharSGSqFQem3oEVXlTluk/X46K9TeVRHePXjURg0Og==",
      "license": "MIT",
      "dependencies": {
        "@solana/addresses": "6.3.1",
        "@solana/codecs-strings": "6.3.1",
        "@solana/errors": "6.3.1",
        "@solana/keys": "6.3.1",
        "@solana/promises": "6.3.1",
        "@solana/rpc": "6.3.1",
        "@solana/rpc-subscriptions": "6.3.1",
        "@solana/rpc-types": "6.3.1",
        "@solana/transaction-messages": "6.3.1",
        "@solana/transactions": "6.3.1"
      },
      "engines": {
        "node": ">=20.18.0"
      },
      "peerDependencies": {
        "typescript": "^5.0.0"
      },
      "peerDependenciesMeta": {
        "typescript": {
          "optional": true
        }
      }
    },
    "node_modules/@solana/transaction-messages": {
      "version": "6.3.1",
      "resolved": "https://registry.npmjs.org/@solana/transaction-messages/-/transaction-messages-6.3.1.tgz",
      "integrity": "sha512-XRT2NCmGaij49zGjjT43p4yiRGYQWUpVeAB6V13TRGn3oJiTvfgMaE4Rp9ODrJrfgsTTeMb7yrnvNIfuowiPXw==",
      "license": "MIT",
      "dependencies": {
        "@solana/addresses": "6.3.1",
        "@solana/codecs-core": "6.3.1",
        "@solana/codecs-data-structures": "6.3.1",
        "@solana/codecs-numbers": "6.3.1",
        "@solana/errors": "6.3.1",
        "@solana/functional": "6.3.1",
        "@solana/instructions": "6.3.1",
        "@solana/nominal-types": "6.3.1",
        "@solana/rpc-types": "6.3.1"
      },
      "engines": {
        "node": ">=20.18.0"
      },
      "peerDependencies": {
        "typescript": "^5.0.0"
      },
      "peerDependenciesMeta": {
        "typescript": {
          "optional": true
        }
      }
    },
    "node_modules/@solana/transactions": {
      "version": "6.3.1",
      "resolved": "https://registry.npmjs.org/@solana/transactions/-/transactions-6.3.1.tgz",
      "integrity": "sha512-J09e2Cj2SLu55N5aIyw53t/vfP6tvN9mutsfY3slefVGkd2rnv6CcCX7bGRLRSdCUPygTtHu+Kjo1pcwflRlLw==",
      "license": "MIT",
      "dependencies": {
        "@solana/addresses": "6.3.1",
        "@solana/codecs-core": "6.3.1",
        "@solana/codecs-data-structures": "6.3.1",
        "@solana/codecs-numbers": "6.3.1",
        "@solana/codecs-strings": "6.3.1",
        "@solana/errors": "6.3.1",
        "@solana/functional": "6.3.1",
        "@solana/instructions": "6.3.1",
        "@solana/keys": "6.3.1",
        "@solana/nominal-types": "6.3.1",
        "@solana/rpc-types": "6.3.1",
        "@solana/transaction-messages": "6.3.1"
      },
      "engines": {
        "node": ">=20.18.0"
      },
      "peerDependencies": {
        "typescript": "^5.0.0"
      },
      "peerDependenciesMeta": {
        "typescript": {
          "optional": true
        }
      }
    },
    "node_modules/@types/bun": {
      "version": "1.3.10",
      "resolved": "https://registry.npmjs.org/@types/bun/-/bun-1.3.10.tgz",
      "integrity": "sha512-0+rlrUrOrTSskibryHbvQkDOWRJwJZqZlxrUs1u4oOoTln8+WIXBPmAuCF35SWB2z4Zl3E84Nl/D0P7803nigQ==",
      "dev": true,
      "license": "MIT",
      "dependencies": {
        "bun-types": "1.3.10"
      }
    },
    "node_modules/@types/node": {
      "version": "25.5.0",
      "dev": true,
      "license": "MIT",
      "dependencies": {
        "undici-types": "~7.18.0"
      }
    },
    "node_modules/bun-types": {
      "version": "1.3.10",
      "dev": true,
      "license": "MIT",
      "dependencies": {
        "@types/node": "*"
      }
    },
    "node_modules/chalk": {
      "version": "5.6.2",
      "resolved": "https://registry.npmjs.org/chalk/-/chalk-5.6.2.tgz",
      "integrity": "sha512-7NzBL0rN6fMUW+f7A6Io4h40qQlG+xGmtMxfbnH/K7TAtt8JQWVQK+6g0UXKMeVJoyV5EkkNsErQ8pVD3bLHbA==",
      "license": "MIT",
      "engines": {
        "node": "^12.17.0 || ^14.13 || >=16.0.0"
      },
      "funding": {
        "url": "https://github.com/chalk/chalk?sponsor=1"
      }
    },
    "node_modules/commander": {
      "version": "14.0.3",
      "resolved": "https://registry.npmjs.org/commander/-/commander-14.0.3.tgz",
      "integrity": "sha512-H+y0Jo/T1RZ9qPP4Eh1pkcQcLRglraJaSLoyOtHxu6AapkjWVCy2Sit1QQ4x3Dng8qDlSsZEet7g5Pq06MvTgw==",
      "license": "MIT",
      "engines": {
        "node": ">=20"
      }
    },
    "node_modules/typescript": {
      "version": "5.9.3",
      "license": "Apache-2.0",
      "peer": true,
      "bin": {
        "tsc": "bin/tsc",
        "tsserver": "bin/tsserver"
      },
      "engines": {
        "node": ">=14.17"
      }
    },
    "node_modules/undici-types": {
      "version": "7.18.2",
      "dev": true,
      "license": "MIT"
    },
    "node_modules/ws": {
      "version": "8.19.0",
      "resolved": "https://registry.npmjs.org/ws/-/ws-8.19.0.tgz",
      "integrity": "sha512-blAT2mjOEIi0ZzruJfIhb3nps74PRWTCz1IjglWEEpQl5XS/UNama6u2/rjFkDDouqr4L67ry+1aGIALViWjDg==",
      "license": "MIT",
      "engines": {
        "node": ">=10.0.0"
      },
      "peerDependencies": {
        "bufferutil": "^4.0.1",
        "utf-8-validate": ">=5.0.2"
      },
      "peerDependenciesMeta": {
        "bufferutil": {
          "optional": true
        },
        "utf-8-validate": {
          "optional": true
        }
      }
    }
  }
}
